
Microsoft Visual Studio Solution File, Format Version 12.00
# Visual Studio Version 16
VisualStudioVersion = 16.0.31025.194
MinimumVisualStudioVersion = 10.0.40219.1
Project("{FAE04EC0-301F-11D3-BF4B-00C04F79EFBC}") = "EX01C02", "EX01C02\EX01C02.csproj", "{42956091-E18E-49F5-AAEC-44E72F58A0EB}"
EndProject
Project("{FAE04EC0-301F-11D3-BF4B-00C04F79EFBC}") = "EX02C02", "EX02C02\EX02C02.csproj", "{0E6AB850-C578-4AEE-A0FD-7E413A7E1D80}"
EndProject
Project("{FAE04EC0-301F-11D3-BF4B-00C04F79EFBC}") = "EX03C02", "EX03C02\EX03C02.csproj", "{E762FAB1-3F62-4320-9F1A-0E5B5CCA03CE}"
EndProject
Project("{FAE04EC0-301F-11D3-BF4B-00C04F79EFBC}") = "EX04C02", "EX04C02\EX04C02.csproj", "{DEF21435-FCC0-47BC-B813-C1FEA5C73047}"
EndProject
Project("{FAE04EC0-301F-11D3-BF4B-00C04F79EFBC}") = "EX05C02", "EX05C02\EX05C02.csproj", "{32358FCD-7285-44C0-A6F8-FDB25AA5F21E}"
EndProject
Project("{FAE04EC0-301F-11D3-BF4B-00C04F79EFBC}") = "EX06C02", "EX06C02\EX06C02.csproj", "{A0CCDEAF-3404-4DE6-B094-EBC1D9506F2F}"
EndProject
Project("{FAE04EC0-301F-11D3-BF4B-00C04F79EFBC}") = "EX07C02", "EX07C02\EX07C02.csproj", "{7B49A4AE-8DD0-4924-88E1-A1224C583107}"
EndProject
Global
	GlobalSection(SolutionConfigurationPlatforms) = preSolution
		Debug|Any CPU = Debug|Any CPU
		Release|Any CPU = Release|Any CPU
	EndGlobalSection
	GlobalSection(ProjectConfigurationPlatforms) = postSolution
		{42956091-E18E-49F5-AAEC-44E72F58A0EB}.Debug|Any CPU.ActiveCfg = Debug|Any CPU
		{42956091-E18E-49F5-AAEC-44E72F58A0EB}.Debug|Any CPU.Build.0 = Debug|Any CPU
		{42956091-E18E-49F5-AAEC-44E72F58A0EB}.Release|Any CPU.ActiveCfg = Release|Any CPU
		{42956091-E18E-49F5-AAEC-44E72F58A0EB}.Release|Any CPU.Build.0 = Release|Any CPU
		{0E6AB850-C578-4AEE-A0FD-7E413A7E1D80}.Debug|Any CPU.ActiveCfg = Debug|Any CPU
		{0E6AB850-C578-4AEE-A0FD-7E413A7E1D80}.Debug|Any CPU.Build.0 = Debug|Any CPU
		{0E6AB850-C578-4AEE-A0FD-7E413A7E1D80}.Release|Any CPU.ActiveCfg = Release|Any CPU
		{0E6AB850-C578-4AEE-A0FD-7E413A7E1D80}.Release|Any CPU.Build.0 = Release|Any CPU
		{E762FAB1-3F62-4320-9F1A-0E5B5CCA03CE}.Debug|Any CPU.ActiveCfg = Debug|Any CPU
		{E762FAB1-3F62-4320-9F1A-0E5B5CCA03CE}.Debug|Any CPU.Build.0 = Debug|Any CPU
		{E762FAB1-3F62-4320-9F1A-0E5B5CCA03CE}.Release|Any CPU.ActiveCfg = Release|Any CPU
		{E762FAB1-3F62-4320-9F1A-0E5B5CCA03CE}.Release|Any CPU.Build.0 = Release|Any CPU
		{DEF21435-FCC0-47BC-B813-C1FEA5C73047}.Debug|Any CPU.ActiveCfg = Debug|Any CPU
		{DEF21435-FCC0-47BC-B813-C1FEA5C73047}.Debug|Any CPU.Build.0 = Debug|Any CPU
		{DEF21435-FCC0-47BC-B813-C1FEA5C73047}.Release|Any CPU.ActiveCfg = Release|Any CPU
		{DEF21435-FCC0-47BC-B813-C1FEA5C73047}.Release|Any CPU.Build.0 = Release|Any CPU
		{32358FCD-7285-44C0-A6F8-FDB25AA5F21E}.Debug|Any CPU.ActiveCfg = Debug|Any CPU
		{32358FCD-7285-44C0-A6F8-FDB25AA5F21E}.Debug|Any CPU.Build.0 = Debug|Any CPU
		{32358FCD-7285-44C0-A6F8-FDB25AA5F21E}.Release|Any CPU.ActiveCfg = Release|Any CPU
		{32358FCD-7285-44C0-A6F8-FDB25AA5F21E}.Release|Any CPU.Build.0 = Release|Any CPU
		{A0CCDEAF-3404-4DE6-B094-EBC1D9506F2F}.Debug|Any CPU.ActiveCfg = Debug|Any CPU
		{A0CCDEAF-3404-4DE6-B094-EBC1D9506F2F}.Debug|Any CPU.Build.0 = Debug|Any CPU
		{A0CCDEAF-3404-4DE6-B094-EBC1D9506F2F}.Release|Any CPU.ActiveCfg = Release|Any CPU
		{A0CCDEAF-3404-4DE6-B094-EBC1D9506F2F}.Release|Any CPU.Build.0 = Release|Any CPU
		{7B49A4AE-8DD0-4924-88E1-A1224C583107}.Debug|Any CPU.ActiveCfg = Debug|Any CPU
		{7B49A4AE-8DD0-4924-88E1-A1224C583107}.Debug|Any CPU.Build.0 = Debug|Any CPU
		{7B49A4AE-8DD0-4924-88E1-A1224C583107}.Release|Any CPU.ActiveCfg = Release|Any CPU
		{7B49A4AE-8DD0-4924-88E1-A1224C583107}.Release|Any CPU.Build.0 = Release|Any CPU
	EndGlobalSection
	GlobalSection(SolutionProperties) = preSolution
		HideSolutionNode = FALSE
	EndGlobalSection
	GlobalSection(ExtensibilityGlobals) = postSolution
		SolutionGuid = {4DBD5E96-D60D-4432-850B-F79543E95E14}
	EndGlobalSection
EndGlobal
